
Microsoft Visual Studio Solution File, Format Version 12.00
# Visual Studio Version 17
VisualStudioVersion = 17.1.32421.90
MinimumVisualStudioVersion = 10.0.40219.1
Project("{F184B08F-C81C-45F6-A57F-5ABD9991F28F}") = "ConsoleApp27", "ConsoleApp27\ConsoleApp27.vbproj", "{0251AD6C-5B91-47DA-8679-F3C5D6D43E61}"
EndProject
Global
	GlobalSection(SolutionConfigurationPlatforms) = preSolution
		Debug|Any CPU = Debug|Any CPU
		Release|Any CPU = Release|Any CPU
	EndGlobalSection
	GlobalSection(ProjectConfigurationPlatforms) = postSolution
		{0251AD6C-5B91-47DA-8679-F3C5D6D43E61}.Debug|Any CPU.ActiveCfg = Debug|Any CPU
		{0251AD6C-5B91-47DA-8679-F3C5D6D43E61}.Debug|Any CPU.Build.0 = Debug|Any CPU
		{0251AD6C-5B91-47DA-8679-F3C5D6D43E61}.Release|Any CPU.ActiveCfg = Release|Any CPU
		{0251AD6C-5B91-47DA-8679-F3C5D6D43E61}.Release|Any CPU.Build.0 = Release|Any CPU
	EndGlobalSection
	GlobalSection(SolutionProperties) = preSolution
		HideSolutionNode = FALSE
	EndGlobalSection
	GlobalSection(ExtensibilityGlobals) = postSolution
		SolutionGuid = {C3DB9C92-FAE6-487D-B1D5-C0FBBACA0594}
	EndGlobalSection
EndGlobal
