
Microsoft Visual Studio Solution File, Format Version 12.00
# Visual Studio Version 17
VisualStudioVersion = 17.1.32421.90
MinimumVisualStudioVersion = 10.0.40219.1
Project("{F184B08F-C81C-45F6-A57F-5ABD9991F28F}") = "ConsoleApp24", "ConsoleApp24\ConsoleApp24.vbproj", "{DCD5B2EA-760A-4F46-BA93-F56168056301}"
EndProject
Global
	GlobalSection(SolutionConfigurationPlatforms) = preSolution
		Debug|Any CPU = Debug|Any CPU
		Release|Any CPU = Release|Any CPU
	EndGlobalSection
	GlobalSection(ProjectConfigurationPlatforms) = postSolution
		{DCD5B2EA-760A-4F46-BA93-F56168056301}.Debug|Any CPU.ActiveCfg = Debug|Any CPU
		{DCD5B2EA-760A-4F46-BA93-F56168056301}.Debug|Any CPU.Build.0 = Debug|Any CPU
		{DCD5B2EA-760A-4F46-BA93-F56168056301}.Release|Any CPU.ActiveCfg = Release|Any CPU
		{DCD5B2EA-760A-4F46-BA93-F56168056301}.Release|Any CPU.Build.0 = Release|Any CPU
	EndGlobalSection
	GlobalSection(SolutionProperties) = preSolution
		HideSolutionNode = FALSE
	EndGlobalSection
	GlobalSection(ExtensibilityGlobals) = postSolution
		SolutionGuid = {826B1DA6-C87A-48A1-8A81-EB2D8DA1C17B}
	EndGlobalSection
EndGlobal
