
Microsoft Visual Studio Solution File, Format Version 12.00
# Visual Studio Version 17
VisualStudioVersion = 17.1.32421.90
MinimumVisualStudioVersion = 10.0.40219.1
Project("{F184B08F-C81C-45F6-A57F-5ABD9991F28F}") = "ConsoleApp32", "ConsoleApp32\ConsoleApp32.vbproj", "{910F274C-FB9F-42A2-86EE-71820A79CFB6}"
EndProject
Global
	GlobalSection(SolutionConfigurationPlatforms) = preSolution
		Debug|Any CPU = Debug|Any CPU
		Release|Any CPU = Release|Any CPU
	EndGlobalSection
	GlobalSection(ProjectConfigurationPlatforms) = postSolution
		{910F274C-FB9F-42A2-86EE-71820A79CFB6}.Debug|Any CPU.ActiveCfg = Debug|Any CPU
		{910F274C-FB9F-42A2-86EE-71820A79CFB6}.Debug|Any CPU.Build.0 = Debug|Any CPU
		{910F274C-FB9F-42A2-86EE-71820A79CFB6}.Release|Any CPU.ActiveCfg = Release|Any CPU
		{910F274C-FB9F-42A2-86EE-71820A79CFB6}.Release|Any CPU.Build.0 = Release|Any CPU
	EndGlobalSection
	GlobalSection(SolutionProperties) = preSolution
		HideSolutionNode = FALSE
	EndGlobalSection
	GlobalSection(ExtensibilityGlobals) = postSolution
		SolutionGuid = {7188EC7B-1DDA-49C4-831D-F282EC6017D5}
	EndGlobalSection
EndGlobal
