
Microsoft Visual Studio Solution File, Format Version 12.00
# Visual Studio Version 17
VisualStudioVersion = 17.1.32421.90
MinimumVisualStudioVersion = 10.0.40219.1
Project("{F184B08F-C81C-45F6-A57F-5ABD9991F28F}") = "ConsoleApp48", "ConsoleApp48\ConsoleApp48.vbproj", "{A6F9C432-5AFE-486D-BCB3-DCBB0BA3D394}"
EndProject
Global
	GlobalSection(SolutionConfigurationPlatforms) = preSolution
		Debug|Any CPU = Debug|Any CPU
		Release|Any CPU = Release|Any CPU
	EndGlobalSection
	GlobalSection(ProjectConfigurationPlatforms) = postSolution
		{A6F9C432-5AFE-486D-BCB3-DCBB0BA3D394}.Debug|Any CPU.ActiveCfg = Debug|Any CPU
		{A6F9C432-5AFE-486D-BCB3-DCBB0BA3D394}.Debug|Any CPU.Build.0 = Debug|Any CPU
		{A6F9C432-5AFE-486D-BCB3-DCBB0BA3D394}.Release|Any CPU.ActiveCfg = Release|Any CPU
		{A6F9C432-5AFE-486D-BCB3-DCBB0BA3D394}.Release|Any CPU.Build.0 = Release|Any CPU
	EndGlobalSection
	GlobalSection(SolutionProperties) = preSolution
		HideSolutionNode = FALSE
	EndGlobalSection
	GlobalSection(ExtensibilityGlobals) = postSolution
		SolutionGuid = {ADA358F0-A435-47CA-A35E-134D9C886933}
	EndGlobalSection
EndGlobal
