
Microsoft Visual Studio Solution File, Format Version 12.00
# Visual Studio Version 17
VisualStudioVersion = 17.1.32421.90
MinimumVisualStudioVersion = 10.0.40219.1
Project("{F184B08F-C81C-45F6-A57F-5ABD9991F28F}") = "ConsoleApp42", "ConsoleApp42\ConsoleApp42.vbproj", "{DBE43266-BAAD-4C23-8725-95EC702DCD6F}"
EndProject
Global
	GlobalSection(SolutionConfigurationPlatforms) = preSolution
		Debug|Any CPU = Debug|Any CPU
		Release|Any CPU = Release|Any CPU
	EndGlobalSection
	GlobalSection(ProjectConfigurationPlatforms) = postSolution
		{DBE43266-BAAD-4C23-8725-95EC702DCD6F}.Debug|Any CPU.ActiveCfg = Debug|Any CPU
		{DBE43266-BAAD-4C23-8725-95EC702DCD6F}.Debug|Any CPU.Build.0 = Debug|Any CPU
		{DBE43266-BAAD-4C23-8725-95EC702DCD6F}.Release|Any CPU.ActiveCfg = Release|Any CPU
		{DBE43266-BAAD-4C23-8725-95EC702DCD6F}.Release|Any CPU.Build.0 = Release|Any CPU
	EndGlobalSection
	GlobalSection(SolutionProperties) = preSolution
		HideSolutionNode = FALSE
	EndGlobalSection
	GlobalSection(ExtensibilityGlobals) = postSolution
		SolutionGuid = {BB0FF3F2-9924-433E-B901-D5C556B65F0B}
	EndGlobalSection
EndGlobal
