
Microsoft Visual Studio Solution File, Format Version 12.00
# Visual Studio Version 17
VisualStudioVersion = 17.1.32421.90
MinimumVisualStudioVersion = 10.0.40219.1
Project("{F184B08F-C81C-45F6-A57F-5ABD9991F28F}") = "ConsoleApp35", "ConsoleApp35\ConsoleApp35.vbproj", "{5DABAE69-D3FF-4E5F-B3EC-016A7C63EA88}"
EndProject
Global
	GlobalSection(SolutionConfigurationPlatforms) = preSolution
		Debug|Any CPU = Debug|Any CPU
		Release|Any CPU = Release|Any CPU
	EndGlobalSection
	GlobalSection(ProjectConfigurationPlatforms) = postSolution
		{5DABAE69-D3FF-4E5F-B3EC-016A7C63EA88}.Debug|Any CPU.ActiveCfg = Debug|Any CPU
		{5DABAE69-D3FF-4E5F-B3EC-016A7C63EA88}.Debug|Any CPU.Build.0 = Debug|Any CPU
		{5DABAE69-D3FF-4E5F-B3EC-016A7C63EA88}.Release|Any CPU.ActiveCfg = Release|Any CPU
		{5DABAE69-D3FF-4E5F-B3EC-016A7C63EA88}.Release|Any CPU.Build.0 = Release|Any CPU
	EndGlobalSection
	GlobalSection(SolutionProperties) = preSolution
		HideSolutionNode = FALSE
	EndGlobalSection
	GlobalSection(ExtensibilityGlobals) = postSolution
		SolutionGuid = {6224F5C8-0FCA-497E-8F63-2C1DE4CDD23E}
	EndGlobalSection
EndGlobal
